
Microsoft Visual Studio Solution File, Format Version 12.00
# Visual Studio 15
VisualStudioVersion = 15.0.27130.2010
MinimumVisualStudioVersion = 10.0.40219.1
Project("{A07B5EB6-E848-4116-A8D0-A826331D98C6}") = "Mx.BasePackageService", "Mx.BasePackageService\Mx.BasePackageService.sfproj", "{0CA02391-6AC6-4EA0-B666-B89FEA8E3C01}"
EndProject
Project("{FAE04EC0-301F-11D3-BF4B-00C04F79EFBC}") = "PackageService", "PackageService\PackageService.csproj", "{91FC26BB-531D-4C9B-B00D-64AF251ABB70}"
EndProject
Global
	GlobalSection(SolutionConfigurationPlatforms) = preSolution
		Debug|x64 = Debug|x64
		Release|x64 = Release|x64
	EndGlobalSection
	GlobalSection(ProjectConfigurationPlatforms) = postSolution
		{0CA02391-6AC6-4EA0-B666-B89FEA8E3C01}.Debug|x64.ActiveCfg = Debug|x64
		{0CA02391-6AC6-4EA0-B666-B89FEA8E3C01}.Debug|x64.Build.0 = Debug|x64
		{0CA02391-6AC6-4EA0-B666-B89FEA8E3C01}.Debug|x64.Deploy.0 = Debug|x64
		{0CA02391-6AC6-4EA0-B666-B89FEA8E3C01}.Release|x64.ActiveCfg = Release|x64
		{0CA02391-6AC6-4EA0-B666-B89FEA8E3C01}.Release|x64.Build.0 = Release|x64
		{0CA02391-6AC6-4EA0-B666-B89FEA8E3C01}.Release|x64.Deploy.0 = Release|x64
		{91FC26BB-531D-4C9B-B00D-64AF251ABB70}.Debug|x64.ActiveCfg = Debug|x64
		{91FC26BB-531D-4C9B-B00D-64AF251ABB70}.Debug|x64.Build.0 = Debug|x64
		{91FC26BB-531D-4C9B-B00D-64AF251ABB70}.Release|x64.ActiveCfg = Release|x64
		{91FC26BB-531D-4C9B-B00D-64AF251ABB70}.Release|x64.Build.0 = Release|x64
	EndGlobalSection
	GlobalSection(SolutionProperties) = preSolution
		HideSolutionNode = FALSE
	EndGlobalSection
	GlobalSection(ExtensibilityGlobals) = postSolution
		SolutionGuid = {895EAF4C-5FB9-4278-9E08-94CDA44FFFE7}
	EndGlobalSection
EndGlobal
